// !$*UTF8*$!
{
	archiveVersion = 1;
	classes = {
	};
	objectVersion = 56;
	objects = {

/* Begin PBXBuildFile section */
		503456552BD9543B00F11361 /* On_The_MapApp.swift in Sources */ = {isa = PBXBuildFile; fileRef = 503456542BD9543B00F11361 /* On_The_MapApp.swift */; };
		503456572BD9543B00F11361 /* ContentView.swift in Sources */ = {isa = PBXBuildFile; fileRef = 503456562BD9543B00F11361 /* ContentView.swift */; };
		503456592BD9543D00F11361 /* Assets.xcassets in Resources */ = {isa = PBXBuildFile; fileRef = 503456582BD9543D00F11361 /* Assets.xcassets */; };
		5034565C2BD9543D00F11361 /* Preview Assets.xcassets in Resources */ = {isa = PBXBuildFile; fileRef = 5034565B2BD9543D00F11361 /* Preview Assets.xcassets */; };
		503456682BD9636800F11361 /* LoginView.swift in Sources */ = {isa = PBXBuildFile; fileRef = 503456672BD9636800F11361 /* LoginView.swift */; };
		503754672C061E6F00D8FCA4 /* AddLocationView.swift in Sources */ = {isa = PBXBuildFile; fileRef = 503754662C061E6F00D8FCA4 /* AddLocationView.swift */; };
		503754692C061EDA00D8FCA4 /* SingleLocationMapView.swift in Sources */ = {isa = PBXBuildFile; fileRef = 503754682C061EDA00D8FCA4 /* SingleLocationMapView.swift */; };
		5037546B2C061F2500D8FCA4 /* AddLocationPreviewView.swift in Sources */ = {isa = PBXBuildFile; fileRef = 5037546A2C061F2500D8FCA4 /* AddLocationPreviewView.swift */; };
		50524BF92BE3D5E1003A2E86 /* StudentLocation.swift in Sources */ = {isa = PBXBuildFile; fileRef = 50524BF82BE3D5E1003A2E86 /* StudentLocation.swift */; };
		50524BFB2BE3D612003A2E86 /* User.swift in Sources */ = {isa = PBXBuildFile; fileRef = 50524BFA2BE3D612003A2E86 /* User.swift */; };
		50650A842C02D5AE006B5DB6 /* LoadingView.swift in Sources */ = {isa = PBXBuildFile; fileRef = 50650A832C02D5AE006B5DB6 /* LoadingView.swift */; };
		50650A882C02E736006B5DB6 /* MapView.swift in Sources */ = {isa = PBXBuildFile; fileRef = 50650A872C02E736006B5DB6 /* MapView.swift */; };
		50650A8A2C02E95A006B5DB6 /* StudentLocationListView.swift in Sources */ = {isa = PBXBuildFile; fileRef = 50650A892C02E95A006B5DB6 /* StudentLocationListView.swift */; };
		50650A8C2C02E975006B5DB6 /* StudentLocationRowView.swift in Sources */ = {isa = PBXBuildFile; fileRef = 50650A8B2C02E975006B5DB6 /* StudentLocationRowView.swift */; };
		509FE6742C023C5500B3AEC4 /* LoginRequest.swift in Sources */ = {isa = PBXBuildFile; fileRef = 509FE6732C023C5500B3AEC4 /* LoginRequest.swift */; };
		509FE6762C023C7E00B3AEC4 /* Error.swift in Sources */ = {isa = PBXBuildFile; fileRef = 509FE6752C023C7E00B3AEC4 /* Error.swift */; };
		509FE6782C023CEB00B3AEC4 /* StudentLocationRequest.swift in Sources */ = {isa = PBXBuildFile; fileRef = 509FE6772C023CEB00B3AEC4 /* StudentLocationRequest.swift */; };
		509FE67C2C023D6800B3AEC4 /* UserResponse.swift in Sources */ = {isa = PBXBuildFile; fileRef = 509FE67B2C023D6800B3AEC4 /* UserResponse.swift */; };
		509FE67E2C023F0200B3AEC4 /* AuthService.swift in Sources */ = {isa = PBXBuildFile; fileRef = 509FE67D2C023F0200B3AEC4 /* AuthService.swift */; };
		509FE6802C023F9400B3AEC4 /* APIEnpoint.swift in Sources */ = {isa = PBXBuildFile; fileRef = 509FE67F2C023F9400B3AEC4 /* APIEnpoint.swift */; };
		509FE6822C02403E00B3AEC4 /* UserService.swift in Sources */ = {isa = PBXBuildFile; fileRef = 509FE6812C02403E00B3AEC4 /* UserService.swift */; };
		509FE6862C024D5B00B3AEC4 /* UserViewModel.swift in Sources */ = {isa = PBXBuildFile; fileRef = 509FE6852C024D5B00B3AEC4 /* UserViewModel.swift */; };
		50E37F212C018B630004B407 /* AlertContent.swift in Sources */ = {isa = PBXBuildFile; fileRef = 50E37F202C018B630004B407 /* AlertContent.swift */; };
/* End PBXBuildFile section */

/* Begin PBXFileReference section */
		503456512BD9543B00F11361 /* On The Map.app */ = {isa = PBXFileReference; explicitFileType = wrapper.application; includeInIndex = 0; path = "On The Map.app"; sourceTree = BUILT_PRODUCTS_DIR; };
		503456542BD9543B00F11361 /* On_The_MapApp.swift */ = {isa = PBXFileReference; lastKnownFileType = sourcecode.swift; path = On_The_MapApp.swift; sourceTree = "<group>"; };
		503456562BD9543B00F11361 /* ContentView.swift */ = {isa = PBXFileReference; lastKnownFileType = sourcecode.swift; path = ContentView.swift; sourceTree = "<group>"; };
		503456582BD9543D00F11361 /* Assets.xcassets */ = {isa = PBXFileReference; lastKnownFileType = folder.assetcatalog; path = Assets.xcassets; sourceTree = "<group>"; };
		5034565B2BD9543D00F11361 /* Preview Assets.xcassets */ = {isa = PBXFileReference; lastKnownFileType = folder.assetcatalog; path = "Preview Assets.xcassets"; sourceTree = "<group>"; };
		503456672BD9636800F11361 /* LoginView.swift */ = {isa = PBXFileReference; lastKnownFileType = sourcecode.swift; path = LoginView.swift; sourceTree = "<group>"; };
		503754662C061E6F00D8FCA4 /* AddLocationView.swift */ = {isa = PBXFileReference; lastKnownFileType = sourcecode.swift; path = AddLocationView.swift; sourceTree = "<group>"; };
		503754682C061EDA00D8FCA4 /* SingleLocationMapView.swift */ = {isa = PBXFileReference; lastKnownFileType = sourcecode.swift; path = SingleLocationMapView.swift; sourceTree = "<group>"; };
		5037546A2C061F2500D8FCA4 /* AddLocationPreviewView.swift */ = {isa = PBXFileReference; lastKnownFileType = sourcecode.swift; path = AddLocationPreviewView.swift; sourceTree = "<group>"; };
		50524BF82BE3D5E1003A2E86 /* StudentLocation.swift */ = {isa = PBXFileReference; lastKnownFileType = sourcecode.swift; path = StudentLocation.swift; sourceTree = "<group>"; };
		50524BFA2BE3D612003A2E86 /* User.swift */ = {isa = PBXFileReference; lastKnownFileType = sourcecode.swift; path = User.swift; sourceTree = "<group>"; };
		50650A832C02D5AE006B5DB6 /* LoadingView.swift */ = {isa = PBXFileReference; lastKnownFileType = sourcecode.swift; path = LoadingView.swift; sourceTree = "<group>"; };
		50650A872C02E736006B5DB6 /* MapView.swift */ = {isa = PBXFileReference; lastKnownFileType = sourcecode.swift; path = MapView.swift; sourceTree = "<group>"; };
		50650A892C02E95A006B5DB6 /* StudentLocationListView.swift */ = {isa = PBXFileReference; lastKnownFileType = sourcecode.swift; path = StudentLocationListView.swift; sourceTree = "<group>"; };
		50650A8B2C02E975006B5DB6 /* StudentLocationRowView.swift */ = {isa = PBXFileReference; lastKnownFileType = sourcecode.swift; path = StudentLocationRowView.swift; sourceTree = "<group>"; };
		509FE6732C023C5500B3AEC4 /* LoginRequest.swift */ = {isa = PBXFileReference; lastKnownFileType = sourcecode.swift; path = LoginRequest.swift; sourceTree = "<group>"; };
		509FE6752C023C7E00B3AEC4 /* Error.swift */ = {isa = PBXFileReference; lastKnownFileType = sourcecode.swift; path = Error.swift; sourceTree = "<group>"; };
		509FE6772C023CEB00B3AEC4 /* StudentLocationRequest.swift */ = {isa = PBXFileReference; lastKnownFileType = sourcecode.swift; path = StudentLocationRequest.swift; sourceTree = "<group>"; };
		509FE67B2C023D6800B3AEC4 /* UserResponse.swift */ = {isa = PBXFileReference; lastKnownFileType = sourcecode.swift; path = UserResponse.swift; sourceTree = "<group>"; };
		509FE67D2C023F0200B3AEC4 /* AuthService.swift */ = {isa = PBXFileReference; lastKnownFileType = sourcecode.swift; path = AuthService.swift; sourceTree = "<group>"; };
		509FE67F2C023F9400B3AEC4 /* APIEnpoint.swift */ = {isa = PBXFileReference; lastKnownFileType = sourcecode.swift; path = APIEnpoint.swift; sourceTree = "<group>"; };
		509FE6812C02403E00B3AEC4 /* UserService.swift */ = {isa = PBXFileReference; lastKnownFileType = sourcecode.swift; path = UserService.swift; sourceTree = "<group>"; };
		509FE6852C024D5B00B3AEC4 /* UserViewModel.swift */ = {isa = PBXFileReference; lastKnownFileType = sourcecode.swift; path = UserViewModel.swift; sourceTree = "<group>"; };
		50E37F202C018B630004B407 /* AlertContent.swift */ = {isa = PBXFileReference; lastKnownFileType = sourcecode.swift; path = AlertContent.swift; sourceTree = "<group>"; };
/* End PBXFileReference section */

/* Begin PBXFrameworksBuildPhase section */
		5034564E2BD9543B00F11361 /* Frameworks */ = {
			isa = PBXFrameworksBuildPhase;
			buildActionMask = 2147483647;
			files = (
			);
			runOnlyForDeploymentPostprocessing = 0;
		};
/* End PBXFrameworksBuildPhase section */

/* Begin PBXGroup section */
		503456482BD9543B00F11361 = {
			isa = PBXGroup;
			children = (
				503456532BD9543B00F11361 /* On The Map */,
				503456522BD9543B00F11361 /* Products */,
			);
			sourceTree = "<group>";
		};
		503456522BD9543B00F11361 /* Products */ = {
			isa = PBXGroup;
			children = (
				503456512BD9543B00F11361 /* On The Map.app */,
			);
			name = Products;
			sourceTree = "<group>";
		};
		503456532BD9543B00F11361 /* On The Map */ = {
			isa = PBXGroup;
			children = (
				509FE6722C023BE200B3AEC4 /* Service */,
				50E37F1D2C018AE70004B407 /* Extension */,
				5034565A2BD9543D00F11361 /* Preview Content */,
				503456622BD9605400F11361 /* App */,
				503456652BD962F900F11361 /* Model */,
				503456632BD9605E00F11361 /* Resource */,
				503456642BD962EC00F11361 /* View */,
				503456662BD962FF00F11361 /* ViewModel */,
			);
			path = "On The Map";
			sourceTree = "<group>";
		};
		5034565A2BD9543D00F11361 /* Preview Content */ = {
			isa = PBXGroup;
			children = (
				5034565B2BD9543D00F11361 /* Preview Assets.xcassets */,
			);
			path = "Preview Content";
			sourceTree = "<group>";
		};
		503456622BD9605400F11361 /* App */ = {
			isa = PBXGroup;
			children = (
				503456542BD9543B00F11361 /* On_The_MapApp.swift */,
			);
			path = App;
			sourceTree = "<group>";
		};
		503456632BD9605E00F11361 /* Resource */ = {
			isa = PBXGroup;
			children = (
				503456582BD9543D00F11361 /* Assets.xcassets */,
			);
			path = Resource;
			sourceTree = "<group>";
		};
		503456642BD962EC00F11361 /* View */ = {
			isa = PBXGroup;
			children = (
				503456562BD9543B00F11361 /* ContentView.swift */,
				503456672BD9636800F11361 /* LoginView.swift */,
				50650A832C02D5AE006B5DB6 /* LoadingView.swift */,
				50650A872C02E736006B5DB6 /* MapView.swift */,
				50650A892C02E95A006B5DB6 /* StudentLocationListView.swift */,
				50650A8B2C02E975006B5DB6 /* StudentLocationRowView.swift */,
				503754662C061E6F00D8FCA4 /* AddLocationView.swift */,
				503754682C061EDA00D8FCA4 /* SingleLocationMapView.swift */,
				5037546A2C061F2500D8FCA4 /* AddLocationPreviewView.swift */,
			);
			path = View;
			sourceTree = "<group>";
		};
		503456652BD962F900F11361 /* Model */ = {
			isa = PBXGroup;
			children = (
				509FE6752C023C7E00B3AEC4 /* Error.swift */,
				509FE6732C023C5500B3AEC4 /* LoginRequest.swift */,
				50524BF82BE3D5E1003A2E86 /* StudentLocation.swift */,
				509FE6772C023CEB00B3AEC4 /* StudentLocationRequest.swift */,
				50524BFA2BE3D612003A2E86 /* User.swift */,
				509FE67B2C023D6800B3AEC4 /* UserResponse.swift */,
			);
			path = Model;
			sourceTree = "<group>";
		};
		503456662BD962FF00F11361 /* ViewModel */ = {
			isa = PBXGroup;
			children = (
				509FE6852C024D5B00B3AEC4 /* UserViewModel.swift */,
			);
			path = ViewModel;
			sourceTree = "<group>";
		};
		509FE6722C023BE200B3AEC4 /* Service */ = {
			isa = PBXGroup;
			children = (
				509FE67F2C023F9400B3AEC4 /* APIEnpoint.swift */,
				509FE67D2C023F0200B3AEC4 /* AuthService.swift */,
				509FE6812C02403E00B3AEC4 /* UserService.swift */,
			);
			name = Service;
			path = "Sẻvice";
			sourceTree = "<group>";
		};
		50E37F1D2C018AE70004B407 /* Extension */ = {
			isa = PBXGroup;
			children = (
				50E37F202C018B630004B407 /* AlertContent.swift */,
			);
			path = Extension;
			sourceTree = "<group>";
		};
/* End PBXGroup section */

/* Begin PBXNativeTarget section */
		503456502BD9543B00F11361 /* On The Map */ = {
			isa = PBXNativeTarget;
			buildConfigurationList = 5034565F2BD9543D00F11361 /* Build configuration list for PBXNativeTarget "On The Map" */;
			buildPhases = (
				5034564D2BD9543B00F11361 /* Sources */,
				5034564E2BD9543B00F11361 /* Frameworks */,
				5034564F2BD9543B00F11361 /* Resources */,
			);
			buildRules = (
			);
			dependencies = (
			);
			name = "On The Map";
			productName = "On The Map";
			productReference = 503456512BD9543B00F11361 /* On The Map.app */;
			productType = "com.apple.product-type.application";
		};
/* End PBXNativeTarget section */

/* Begin PBXProject section */
		503456492BD9543B00F11361 /* Project object */ = {
			isa = PBXProject;
			attributes = {
				BuildIndependentTargetsInParallel = 1;
				LastSwiftUpdateCheck = 1520;
				LastUpgradeCheck = 1520;
				TargetAttributes = {
					503456502BD9543B00F11361 = {
						CreatedOnToolsVersion = 15.2;
					};
				};
			};
			buildConfigurationList = 5034564C2BD9543B00F11361 /* Build configuration list for PBXProject "On The Map" */;
			compatibilityVersion = "Xcode 14.0";
			developmentRegion = en;
			hasScannedForEncodings = 0;
			knownRegions = (
				en,
				Base,
			);
			mainGroup = 503456482BD9543B00F11361;
			productRefGroup = 503456522BD9543B00F11361 /* Products */;
			projectDirPath = "";
			projectRoot = "";
			targets = (
				503456502BD9543B00F11361 /* On The Map */,
			);
		};
/* End PBXProject section */

/* Begin PBXResourcesBuildPhase section */
		5034564F2BD9543B00F11361 /* Resources */ = {
			isa = PBXResourcesBuildPhase;
			buildActionMask = 2147483647;
			files = (
				5034565C2BD9543D00F11361 /* Preview Assets.xcassets in Resources */,
				503456592BD9543D00F11361 /* Assets.xcassets in Resources */,
			);
			runOnlyForDeploymentPostprocessing = 0;
		};
/* End PBXResourcesBuildPhase section */

/* Begin PBXSourcesBuildPhase section */
		5034564D2BD9543B00F11361 /* Sources */ = {
			isa = PBXSourcesBuildPhase;
			buildActionMask = 2147483647;
			files = (
				509FE6822C02403E00B3AEC4 /* UserService.swift in Sources */,
				50524BF92BE3D5E1003A2E86 /* StudentLocation.swift in Sources */,
				503456682BD9636800F11361 /* LoginView.swift in Sources */,
				50E37F212C018B630004B407 /* AlertContent.swift in Sources */,
				50650A842C02D5AE006B5DB6 /* LoadingView.swift in Sources */,
				509FE67E2C023F0200B3AEC4 /* AuthService.swift in Sources */,
				503456572BD9543B00F11361 /* ContentView.swift in Sources */,
				50524BFB2BE3D612003A2E86 /* User.swift in Sources */,
				503456552BD9543B00F11361 /* On_The_MapApp.swift in Sources */,
				50650A882C02E736006B5DB6 /* MapView.swift in Sources */,
				509FE6862C024D5B00B3AEC4 /* UserViewModel.swift in Sources */,
				50650A8C2C02E975006B5DB6 /* StudentLocationRowView.swift in Sources */,
				5037546B2C061F2500D8FCA4 /* AddLocationPreviewView.swift in Sources */,
				509FE6762C023C7E00B3AEC4 /* Error.swift in Sources */,
				509FE6782C023CEB00B3AEC4 /* StudentLocationRequest.swift in Sources */,
				503754692C061EDA00D8FCA4 /* SingleLocationMapView.swift in Sources */,
				509FE6742C023C5500B3AEC4 /* LoginRequest.swift in Sources */,
				50650A8A2C02E95A006B5DB6 /* StudentLocationListView.swift in Sources */,
				503754672C061E6F00D8FCA4 /* AddLocationView.swift in Sources */,
				509FE67C2C023D6800B3AEC4 /* UserResponse.swift in Sources */,
				509FE6802C023F9400B3AEC4 /* APIEnpoint.swift in Sources */,
			);
			runOnlyForDeploymentPostprocessing = 0;
		};
/* End PBXSourcesBuildPhase section */

/* Begin XCBuildConfiguration section */
		5034565D2BD9543D00F11361 /* Debug */ = {
			isa = XCBuildConfiguration;
			buildSettings = {
				ALWAYS_SEARCH_USER_PATHS = NO;
				ASSETCATALOG_COMPILER_GENERATE_SWIFT_ASSET_SYMBOL_EXTENSIONS = YES;
				CLANG_ANALYZER_NONNULL = YES;
				CLANG_ANALYZER_NUMBER_OBJECT_CONVERSION = YES_AGGRESSIVE;
				CLANG_CXX_LANGUAGE_STANDARD = "gnu++20";
				CLANG_ENABLE_MODULES = YES;
				CLANG_ENABLE_OBJC_ARC = YES;
				CLANG_ENABLE_OBJC_WEAK = YES;
				CLANG_WARN_BLOCK_CAPTURE_AUTORELEASING = YES;
				CLANG_WARN_BOOL_CONVERSION = YES;
				CLANG_WARN_COMMA = YES;
				CLANG_WARN_CONSTANT_CONVERSION = YES;
				CLANG_WARN_DEPRECATED_OBJC_IMPLEMENTATIONS = YES;
				CLANG_WARN_DIRECT_OBJC_ISA_USAGE = YES_ERROR;
				CLANG_WARN_DOCUMENTATION_COMMENTS = YES;
				CLANG_WARN_EMPTY_BODY = YES;
				CLANG_WARN_ENUM_CONVERSION = YES;
				CLANG_WARN_INFINITE_RECURSION = YES;
				CLANG_WARN_INT_CONVERSION = YES;
				CLANG_WARN_NON_LITERAL_NULL_CONVERSION = YES;
				CLANG_WARN_OBJC_IMPLICIT_RETAIN_SELF = YES;
				CLANG_WARN_OBJC_LITERAL_CONVERSION = YES;
				CLANG_WARN_OBJC_ROOT_CLASS = YES_ERROR;
				CLANG_WARN_QUOTED_INCLUDE_IN_FRAMEWORK_HEADER = YES;
				CLANG_WARN_RANGE_LOOP_ANALYSIS = YES;
				CLANG_WARN_STRICT_PROTOTYPES = YES;
				CLANG_WARN_SUSPICIOUS_MOVE = YES;
				CLANG_WARN_UNGUARDED_AVAILABILITY = YES_AGGRESSIVE;
				CLANG_WARN_UNREACHABLE_CODE = YES;
				CLANG_WARN__DUPLICATE_METHOD_MATCH = YES;
				COPY_PHASE_STRIP = NO;
				DEBUG_INFORMATION_FORMAT = dwarf;
				ENABLE_STRICT_OBJC_MSGSEND = YES;
				ENABLE_TESTABILITY = YES;
				ENABLE_USER_SCRIPT_SANDBOXING = YES;
				GCC_C_LANGUAGE_STANDARD = gnu17;
				GCC_DYNAMIC_NO_PIC = NO;
				GCC_NO_COMMON_BLOCKS = YES;
				GCC_OPTIMIZATION_LEVEL = 0;
				GCC_PREPROCESSOR_DEFINITIONS = (
					"DEBUG=1",
					"$(inherited)",
				);
				GCC_WARN_64_TO_32_BIT_CONVERSION = YES;
				GCC_WARN_ABOUT_RETURN_TYPE = YES_ERROR;
				GCC_WARN_UNDECLARED_SELECTOR = YES;
				GCC_WARN_UNINITIALIZED_AUTOS = YES_AGGRESSIVE;
				GCC_WARN_UNUSED_FUNCTION = YES;
				GCC_WARN_UNUSED_VARIABLE = YES;
				IPHONEOS_DEPLOYMENT_TARGET = 17.2;
				LOCALIZATION_PREFERS_STRING_CATALOGS = YES;
				MTL_ENABLE_DEBUG_INFO = INCLUDE_SOURCE;
				MTL_FAST_MATH = YES;
				ONLY_ACTIVE_ARCH = YES;
				SDKROOT = iphoneos;
				SWIFT_ACTIVE_COMPILATION_CONDITIONS = "DEBUG $(inherited)";
				SWIFT_OPTIMIZATION_LEVEL = "-Onone";
			};
			name = Debug;
		};
		5034565E2BD9543D00F11361 /* Release */ = {
			isa = XCBuildConfiguration;
			buildSettings = {
				ALWAYS_SEARCH_USER_PATHS = NO;
				ASSETCATALOG_COMPILER_GENERATE_SWIFT_ASSET_SYMBOL_EXTENSIONS = YES;
				CLANG_ANALYZER_NONNULL = YES;
				CLANG_ANALYZER_NUMBER_OBJECT_CONVERSION = YES_AGGRESSIVE;
				CLANG_CXX_LANGUAGE_STANDARD = "gnu++20";
				CLANG_ENABLE_MODULES = YES;
				CLANG_ENABLE_OBJC_ARC = YES;
				CLANG_ENABLE_OBJC_WEAK = YES;
				CLANG_WARN_BLOCK_CAPTURE_AUTORELEASING = YES;
				CLANG_WARN_BOOL_CONVERSION = YES;
				CLANG_WARN_COMMA = YES;
				CLANG_WARN_CONSTANT_CONVERSION = YES;
				CLANG_WARN_DEPRECATED_OBJC_IMPLEMENTATIONS = YES;
				CLANG_WARN_DIRECT_OBJC_ISA_USAGE = YES_ERROR;
				CLANG_WARN_DOCUMENTATION_COMMENTS = YES;
				CLANG_WARN_EMPTY_BODY = YES;
				CLANG_WARN_ENUM_CONVERSION = YES;
				CLANG_WARN_INFINITE_RECURSION = YES;
				CLANG_WARN_INT_CONVERSION = YES;
				CLANG_WARN_NON_LITERAL_NULL_CONVERSION = YES;
				CLANG_WARN_OBJC_IMPLICIT_RETAIN_SELF = YES;
				CLANG_WARN_OBJC_LITERAL_CONVERSION = YES;
				CLANG_WARN_OBJC_ROOT_CLASS = YES_ERROR;
				CLANG_WARN_QUOTED_INCLUDE_IN_FRAMEWORK_HEADER = YES;
				CLANG_WARN_RANGE_LOOP_ANALYSIS = YES;
				CLANG_WARN_STRICT_PROTOTYPES = YES;
				CLANG_WARN_SUSPICIOUS_MOVE = YES;
				CLANG_WARN_UNGUARDED_AVAILABILITY = YES_AGGRESSIVE;
				CLANG_WARN_UNREACHABLE_CODE = YES;
				CLANG_WARN__DUPLICATE_METHOD_MATCH = YES;
				COPY_PHASE_STRIP = NO;
				DEBUG_INFORMATION_FORMAT = "dwarf-with-dsym";
				ENABLE_NS_ASSERTIONS = NO;
				ENABLE_STRICT_OBJC_MSGSEND = YES;
				ENABLE_USER_SCRIPT_SANDBOXING = YES;
				GCC_C_LANGUAGE_STANDARD = gnu17;
				GCC_NO_COMMON_BLOCKS = YES;
				GCC_WARN_64_TO_32_BIT_CONVERSION = YES;
				GCC_WARN_ABOUT_RETURN_TYPE = YES_ERROR;
				GCC_WARN_UNDECLARED_SELECTOR = YES;
				GCC_WARN_UNINITIALIZED_AUTOS = YES_AGGRESSIVE;
				GCC_WARN_UNUSED_FUNCTION = YES;
				GCC_WARN_UNUSED_VARIABLE = YES;
				IPHONEOS_DEPLOYMENT_TARGET = 17.2;
				LOCALIZATION_PREFERS_STRING_CATALOGS = YES;
				MTL_ENABLE_DEBUG_INFO = NO;
				MTL_FAST_MATH = YES;
				SDKROOT = iphoneos;
				SWIFT_COMPILATION_MODE = wholemodule;
				VALIDATE_PRODUCT = YES;
			};
			name = Release;
		};
		503456602BD9543D00F11361 /* Debug */ = {
			isa = XCBuildConfiguration;
			buildSettings = {
				ASSETCATALOG_COMPILER_APPICON_NAME = AppIcon;
				ASSETCATALOG_COMPILER_GLOBAL_ACCENT_COLOR_NAME = AccentColor;
				CODE_SIGN_STYLE = Automatic;
				CURRENT_PROJECT_VERSION = 1;
				DEVELOPMENT_ASSET_PATHS = "\"On The Map/Preview Content\"";
				DEVELOPMENT_TEAM = KNRS8Y6JMQ;
				ENABLE_PREVIEWS = YES;
				GENERATE_INFOPLIST_FILE = YES;
				INFOPLIST_KEY_UIApplicationSceneManifest_Generation = YES;
				INFOPLIST_KEY_UIApplicationSupportsIndirectInputEvents = YES;
				INFOPLIST_KEY_UILaunchScreen_Generation = YES;
				INFOPLIST_KEY_UISupportedInterfaceOrientations_iPad = "UIInterfaceOrientationPortrait UIInterfaceOrientationPortraitUpsideDown UIInterfaceOrientationLandscapeLeft UIInterfaceOrientationLandscapeRight";
				INFOPLIST_KEY_UISupportedInterfaceOrientations_iPhone = "UIInterfaceOrientationPortrait UIInterfaceOrientationLandscapeLeft UIInterfaceOrientationLandscapeRight";
				LD_RUNPATH_SEARCH_PATHS = (
					"$(inherited)",
					"@executable_path/Frameworks",
				);
				MARKETING_VERSION = 1.0;
				PRODUCT_BUNDLE_IDENTIFIER = "com.khuepm.On-The-Map";
				PRODUCT_NAME = "$(TARGET_NAME)";
				SWIFT_EMIT_LOC_STRINGS = YES;
				SWIFT_VERSION = 5.0;
				TARGETED_DEVICE_FAMILY = "1,2";
			};
			name = Debug;
		};
		503456612BD9543D00F11361 /* Release */ = {
			isa = XCBuildConfiguration;
			buildSettings = {
				ASSETCATALOG_COMPILER_APPICON_NAME = AppIcon;
				ASSETCATALOG_COMPILER_GLOBAL_ACCENT_COLOR_NAME = AccentColor;
				CODE_SIGN_STYLE = Automatic;
				CURRENT_PROJECT_VERSION = 1;
				DEVELOPMENT_ASSET_PATHS = "\"On The Map/Preview Content\"";
				DEVELOPMENT_TEAM = KNRS8Y6JMQ;
				ENABLE_PREVIEWS = YES;
				GENERATE_INFOPLIST_FILE = YES;
				INFOPLIST_KEY_UIApplicationSceneManifest_Generation = YES;
				INFOPLIST_KEY_UIApplicationSupportsIndirectInputEvents = YES;
				INFOPLIST_KEY_UILaunchScreen_Generation = YES;
				INFOPLIST_KEY_UISupportedInterfaceOrientations_iPad = "UIInterfaceOrientationPortrait UIInterfaceOrientationPortraitUpsideDown UIInterfaceOrientationLandscapeLeft UIInterfaceOrientationLandscapeRight";
				INFOPLIST_KEY_UISupportedInterfaceOrientations_iPhone = "UIInterfaceOrientationPortrait UIInterfaceOrientationLandscapeLeft UIInterfaceOrientationLandscapeRight";
				LD_RUNPATH_SEARCH_PATHS = (
					"$(inherited)",
					"@executable_path/Frameworks",
				);
				MARKETING_VERSION = 1.0;
				PRODUCT_BUNDLE_IDENTIFIER = "com.khuepm.On-The-Map";
				PRODUCT_NAME = "$(TARGET_NAME)";
				SWIFT_EMIT_LOC_STRINGS = YES;
				SWIFT_VERSION = 5.0;
				TARGETED_DEVICE_FAMILY = "1,2";
			};
			name = Release;
		};
/* End XCBuildConfiguration section */

/* Begin XCConfigurationList section */
		5034564C2BD9543B00F11361 /* Build configuration list for PBXProject "On The Map" */ = {
			isa = XCConfigurationList;
			buildConfigurations = (
				5034565D2BD9543D00F11361 /* Debug */,
				5034565E2BD9543D00F11361 /* Release */,
			);
			defaultConfigurationIsVisible = 0;
			defaultConfigurationName = Release;
		};
		5034565F2BD9543D00F11361 /* Build configuration list for PBXNativeTarget "On The Map" */ = {
			isa = XCConfigurationList;
			buildConfigurations = (
				503456602BD9543D00F11361 /* Debug */,
				503456612BD9543D00F11361 /* Release */,
			);
			defaultConfigurationIsVisible = 0;
			defaultConfigurationName = Release;
		};
/* End XCConfigurationList section */
	};
	rootObject = 503456492BD9543B00F11361 /* Project object */;
}
